
Microsoft Visual Studio Solution File, Format Version 12.00
# Visual Studio 15
VisualStudioVersion = 15.0.28306.52
MinimumVisualStudioVersion = 10.0.40219.1
Project("{FAE04EC0-301F-11D3-BF4B-00C04F79EFBC}") = "Email Read Test", "Email Read Test\Email Read Test.csproj", "{025462A4-6D0D-4650-A420-3A4D77718C21}"
EndProject
Global
	GlobalSection(SolutionConfigurationPlatforms) = preSolution
		Debug|Any CPU = Debug|Any CPU
		Release|Any CPU = Release|Any CPU
	EndGlobalSection
	GlobalSection(ProjectConfigurationPlatforms) = postSolution
		{025462A4-6D0D-4650-A420-3A4D77718C21}.Debug|Any CPU.ActiveCfg = Debug|Any CPU
		{025462A4-6D0D-4650-A420-3A4D77718C21}.Debug|Any CPU.Build.0 = Debug|Any CPU
		{025462A4-6D0D-4650-A420-3A4D77718C21}.Release|Any CPU.ActiveCfg = Release|Any CPU
		{025462A4-6D0D-4650-A420-3A4D77718C21}.Release|Any CPU.Build.0 = Release|Any CPU
	EndGlobalSection
	GlobalSection(SolutionProperties) = preSolution
		HideSolutionNode = FALSE
	EndGlobalSection
	GlobalSection(ExtensibilityGlobals) = postSolution
		SolutionGuid = {99F04116-02C1-4CF8-BEE3-34240F3F5636}
	EndGlobalSection
EndGlobal
